
Microsoft Visual Studio Solution File, Format Version 12.00
# Visual Studio Version 17
VisualStudioVersion = 17.8.34330.188
MinimumVisualStudioVersion = 10.0.40219.1
Project("{FAE04EC0-301F-11D3-BF4B-00C04F79EFBC}") = "UI", "UI\UI.csproj", "{0FD64B13-B389-45EA-A26F-E56481B831DE}"
EndProject
Project("{FAE04EC0-301F-11D3-BF4B-00C04F79EFBC}") = "BLL", "BLL\BLL.csproj", "{05AE5408-3EEB-4520-AF4C-E67764644898}"
EndProject
Project("{FAE04EC0-301F-11D3-BF4B-00C04F79EFBC}") = "DAL", "DAL\DAL.csproj", "{CED08A44-4F76-4570-A283-1FA4559673AD}"
EndProject
Global
	GlobalSection(SolutionConfigurationPlatforms) = preSolution
		Debug|Any CPU = Debug|Any CPU
		Release|Any CPU = Release|Any CPU
	EndGlobalSection
	GlobalSection(ProjectConfigurationPlatforms) = postSolution
		{0FD64B13-B389-45EA-A26F-E56481B831DE}.Debug|Any CPU.ActiveCfg = Debug|Any CPU
		{0FD64B13-B389-45EA-A26F-E56481B831DE}.Debug|Any CPU.Build.0 = Debug|Any CPU
		{0FD64B13-B389-45EA-A26F-E56481B831DE}.Release|Any CPU.ActiveCfg = Release|Any CPU
		{0FD64B13-B389-45EA-A26F-E56481B831DE}.Release|Any CPU.Build.0 = Release|Any CPU
		{05AE5408-3EEB-4520-AF4C-E67764644898}.Debug|Any CPU.ActiveCfg = Debug|Any CPU
		{05AE5408-3EEB-4520-AF4C-E67764644898}.Debug|Any CPU.Build.0 = Debug|Any CPU
		{05AE5408-3EEB-4520-AF4C-E67764644898}.Release|Any CPU.ActiveCfg = Release|Any CPU
		{05AE5408-3EEB-4520-AF4C-E67764644898}.Release|Any CPU.Build.0 = Release|Any CPU
		{CED08A44-4F76-4570-A283-1FA4559673AD}.Debug|Any CPU.ActiveCfg = Debug|Any CPU
		{CED08A44-4F76-4570-A283-1FA4559673AD}.Debug|Any CPU.Build.0 = Debug|Any CPU
		{CED08A44-4F76-4570-A283-1FA4559673AD}.Release|Any CPU.ActiveCfg = Release|Any CPU
		{CED08A44-4F76-4570-A283-1FA4559673AD}.Release|Any CPU.Build.0 = Release|Any CPU
	EndGlobalSection
	GlobalSection(SolutionProperties) = preSolution
		HideSolutionNode = FALSE
	EndGlobalSection
	GlobalSection(ExtensibilityGlobals) = postSolution
		SolutionGuid = {2289D6BD-742E-4E96-80D5-719FC942A153}
	EndGlobalSection
EndGlobal
