
Microsoft Visual Studio Solution File, Format Version 12.00
# Visual Studio Version 17
VisualStudioVersion = 17.8.34330.188
MinimumVisualStudioVersion = 10.0.40219.1
Project("{9A19103F-16F7-4668-BE54-9A1E7A4F7556}") = "UI", "UI\UI.csproj", "{0FD64B13-B389-45EA-A26F-E56481B831DE}"
EndProject
Project("{9A19103F-16F7-4668-BE54-9A1E7A4F7556}") = "BLL", "BLL\BLL.csproj", "{05AE5408-3EEB-4520-AF4C-E67764644898}"
EndProject
Project("{9A19103F-16F7-4668-BE54-9A1E7A4F7556}") = "DAL", "DAL\DAL.csproj", "{CED08A44-4F76-4570-A283-1FA4559673AD}"
EndProject
Project("{54435603-DBB4-11D2-8724-00A0C9A8B90C}") = "Instalador", "Instalador\Instalador.vdproj", "{3BC5207C-6736-464B-AD5A-9ADC6729C494}"
EndProject
Global
	GlobalSection(SolutionConfigurationPlatforms) = preSolution
		Debug|Any CPU = Debug|Any CPU
		Release|Any CPU = Release|Any CPU
	EndGlobalSection
	GlobalSection(ProjectConfigurationPlatforms) = postSolution
		{0FD64B13-B389-45EA-A26F-E56481B831DE}.Debug|Any CPU.ActiveCfg = Debug|Any CPU
		{0FD64B13-B389-45EA-A26F-E56481B831DE}.Debug|Any CPU.Build.0 = Debug|Any CPU
		{0FD64B13-B389-45EA-A26F-E56481B831DE}.Release|Any CPU.ActiveCfg = Release|Any CPU
		{0FD64B13-B389-45EA-A26F-E56481B831DE}.Release|Any CPU.Build.0 = Release|Any CPU
		{05AE5408-3EEB-4520-AF4C-E67764644898}.Debug|Any CPU.ActiveCfg = Debug|Any CPU
		{05AE5408-3EEB-4520-AF4C-E67764644898}.Debug|Any CPU.Build.0 = Debug|Any CPU
		{05AE5408-3EEB-4520-AF4C-E67764644898}.Release|Any CPU.ActiveCfg = Release|Any CPU
		{05AE5408-3EEB-4520-AF4C-E67764644898}.Release|Any CPU.Build.0 = Release|Any CPU
		{CED08A44-4F76-4570-A283-1FA4559673AD}.Debug|Any CPU.ActiveCfg = Debug|Any CPU
		{CED08A44-4F76-4570-A283-1FA4559673AD}.Debug|Any CPU.Build.0 = Debug|Any CPU
		{CED08A44-4F76-4570-A283-1FA4559673AD}.Release|Any CPU.ActiveCfg = Release|Any CPU
		{CED08A44-4F76-4570-A283-1FA4559673AD}.Release|Any CPU.Build.0 = Release|Any CPU
		{3BC5207C-6736-464B-AD5A-9ADC6729C494}.Debug|Any CPU.ActiveCfg = Debug
		{3BC5207C-6736-464B-AD5A-9ADC6729C494}.Release|Any CPU.ActiveCfg = Release
	EndGlobalSection
	GlobalSection(SolutionProperties) = preSolution
		HideSolutionNode = FALSE
	EndGlobalSection
	GlobalSection(ExtensibilityGlobals) = postSolution
		SolutionGuid = {2289D6BD-742E-4E96-80D5-719FC942A153}
	EndGlobalSection
EndGlobal
